
Microsoft Visual Studio Solution File, Format Version 12.00
# Visual Studio Version 16
VisualStudioVersion = 16.0.32602.291
MinimumVisualStudioVersion = 10.0.40219.1
Project("{9A19103F-16F7-4668-BE54-9A1E7A4F7556}") = "PoC", "PoC.csproj", "{C8089025-940C-47EA-8C69-E384128711F6}"
EndProject
Global
	GlobalSection(SolutionConfigurationPlatforms) = preSolution
		Debug|Any CPU = Debug|Any CPU
		Release|Any CPU = Release|Any CPU
	EndGlobalSection
	GlobalSection(ProjectConfigurationPlatforms) = postSolution
		{C8089025-940C-47EA-8C69-E384128711F6}.Debug|Any CPU.ActiveCfg = Debug|Any CPU
		{C8089025-940C-47EA-8C69-E384128711F6}.Debug|Any CPU.Build.0 = Debug|Any CPU
		{C8089025-940C-47EA-8C69-E384128711F6}.Release|Any CPU.ActiveCfg = Release|Any CPU
		{C8089025-940C-47EA-8C69-E384128711F6}.Release|Any CPU.Build.0 = Release|Any CPU
	EndGlobalSection
	GlobalSection(SolutionProperties) = preSolution
		HideSolutionNode = FALSE
	EndGlobalSection
	GlobalSection(ExtensibilityGlobals) = postSolution
		SolutionGuid = {FD9C1C05-410B-44FD-A0F7-937757C285DF}
	EndGlobalSection
EndGlobal
